
Microsoft Visual Studio Solution File, Format Version 12.00
# Visual Studio Version 17
VisualStudioVersion = 17.11.35303.130
MinimumVisualStudioVersion = 10.0.40219.1
Project("{FAE04EC0-301F-11D3-BF4B-00C04F79EFBC}") = "PhanGiaKhang_KtraFE", "PhanGiaKhang_KtraFE\PhanGiaKhang_KtraFE.csproj", "{96E8EAC9-47D2-402B-886F-23F5FA71A75F}"
EndProject
Global
	GlobalSection(SolutionConfigurationPlatforms) = preSolution
		Debug|Any CPU = Debug|Any CPU
		Release|Any CPU = Release|Any CPU
	EndGlobalSection
	GlobalSection(ProjectConfigurationPlatforms) = postSolution
		{96E8EAC9-47D2-402B-886F-23F5FA71A75F}.Debug|Any CPU.ActiveCfg = Debug|Any CPU
		{96E8EAC9-47D2-402B-886F-23F5FA71A75F}.Debug|Any CPU.Build.0 = Debug|Any CPU
		{96E8EAC9-47D2-402B-886F-23F5FA71A75F}.Release|Any CPU.ActiveCfg = Release|Any CPU
		{96E8EAC9-47D2-402B-886F-23F5FA71A75F}.Release|Any CPU.Build.0 = Release|Any CPU
	EndGlobalSection
	GlobalSection(SolutionProperties) = preSolution
		HideSolutionNode = FALSE
	EndGlobalSection
	GlobalSection(ExtensibilityGlobals) = postSolution
		SolutionGuid = {6DAA4EE3-ACBE-4AE0-86C3-4347A8917213}
	EndGlobalSection
EndGlobal
